
Microsoft Visual Studio Solution File, Format Version 12.00
# Visual Studio Version 16
VisualStudioVersion = 16.0.29418.71
MinimumVisualStudioVersion = 10.0.40219.1
Project("{FAE04EC0-301F-11D3-BF4B-00C04F79EFBC}") = "DiscordNET", "DiscordNET\DiscordNET.csproj", "{0835550C-4848-4BA8-917B-CC6F28A5301C}"
EndProject
Global
	GlobalSection(SolutionConfigurationPlatforms) = preSolution
		Debug|Any CPU = Debug|Any CPU
		Release|Any CPU = Release|Any CPU
	EndGlobalSection
	GlobalSection(ProjectConfigurationPlatforms) = postSolution
		{0835550C-4848-4BA8-917B-CC6F28A5301C}.Debug|Any CPU.ActiveCfg = Debug|Any CPU
		{0835550C-4848-4BA8-917B-CC6F28A5301C}.Debug|Any CPU.Build.0 = Debug|Any CPU
		{0835550C-4848-4BA8-917B-CC6F28A5301C}.Release|Any CPU.ActiveCfg = Release|Any CPU
		{0835550C-4848-4BA8-917B-CC6F28A5301C}.Release|Any CPU.Build.0 = Release|Any CPU
	EndGlobalSection
	GlobalSection(SolutionProperties) = preSolution
		HideSolutionNode = FALSE
	EndGlobalSection
	GlobalSection(ExtensibilityGlobals) = postSolution
		SolutionGuid = {BFA8294F-35AF-449E-BD13-EDFC63135E0C}
	EndGlobalSection
EndGlobal
